// !$*UTF8*$!
{
	archiveVersion = 1;
	classes = {
	};
	objectVersion = 50;
	objects = {

/* Begin PBXBuildFile section */
		999EAEB425B5D23800F2B293 /* CoreGraphics.framework in Frameworks */ = {isa = PBXBuildFile; fileRef = 999EAEB325B5D23800F2B293 /* CoreGraphics.framework */; };
		999EAEB625B5D24000F2B293 /* Foundation.framework in Frameworks */ = {isa = PBXBuildFile; fileRef = 999EAEB525B5D24000F2B293 /* Foundation.framework */; };
		999EAEB825B5D24700F2B293 /* UIKit.framework in Frameworks */ = {isa = PBXBuildFile; fileRef = 999EAEB725B5D24700F2B293 /* UIKit.framework */; };
		999EAEBA25B5D24B00F2B293 /* AVFoundation.framework in Frameworks */ = {isa = PBXBuildFile; fileRef = 999EAEB925B5D24B00F2B293 /* AVFoundation.framework */; };
		999EAEBC25B5D25000F2B293 /* AudioToolbox.framework in Frameworks */ = {isa = PBXBuildFile; fileRef = 999EAEBB25B5D25000F2B293 /* AudioToolbox.framework */; };
		999EAEBE25B5D25600F2B293 /* OpenAL.framework in Frameworks */ = {isa = PBXBuildFile; fileRef = 999EAEBD25B5D25600F2B293 /* OpenAL.framework */; };
		999EAEC025B5D25B00F2B293 /* OpenGLES.framework in Frameworks */ = {isa = PBXBuildFile; fileRef = 999EAEBF25B5D25B00F2B293 /* OpenGLES.framework */; };
		999EAEC225B5D26300F2B293 /* QuartzCore.framework in Frameworks */ = {isa = PBXBuildFile; fileRef = 999EAEC125B5D26300F2B293 /* QuartzCore.framework */; };
		999EAEC425B5D3EC00F2B293 /* CoreMotion.framework in Frameworks */ = {isa = PBXBuildFile; fileRef = 999EAEC325B5D3EC00F2B293 /* CoreMotion.framework */; };
		999EAEC625B5D3F400F2B293 /* Security.framework in Frameworks */ = {isa = PBXBuildFile; fileRef = 999EAEC525B5D3F400F2B293 /* Security.framework */; };
		999EAEC925B5D42E00F2B293 /* libcocos2d iOS.a in Frameworks */ = {isa = PBXBuildFile; fileRef = 99FD201525B5C94400D92258 /* libcocos2d iOS.a */; };
		999EAECC25B5D44900F2B293 /* CoreText.framework in Frameworks */ = {isa = PBXBuildFile; fileRef = 999EAECB25B5D44900F2B293 /* CoreText.framework */; };
		999EAECE25B5D45200F2B293 /* CFNetwork.framework in Frameworks */ = {isa = PBXBuildFile; fileRef = 999EAECD25B5D45200F2B293 /* CFNetwork.framework */; };
		999EAED025B5D45800F2B293 /* CoreFoundation.framework in Frameworks */ = {isa = PBXBuildFile; fileRef = 999EAECF25B5D45800F2B293 /* CoreFoundation.framework */; };
		999EAED225B5D46100F2B293 /* MobileCoreServices.framework in Frameworks */ = {isa = PBXBuildFile; fileRef = 999EAED125B5D46100F2B293 /* MobileCoreServices.framework */; };
		999EAED325B5D46800F2B293 /* SystemConfiguration.framework in Frameworks */ = {isa = PBXBuildFile; fileRef = 999EAEAA25B5D21200F2B293 /* SystemConfiguration.framework */; };
		999EAED525B5D46D00F2B293 /* GameController.framework in Frameworks */ = {isa = PBXBuildFile; fileRef = 999EAED425B5D46D00F2B293 /* GameController.framework */; };
		999EAED625B5D47400F2B293 /* JavaScriptCore.framework in Frameworks */ = {isa = PBXBuildFile; fileRef = 999EAEAC25B5D21900F2B293 /* JavaScriptCore.framework */; };
		999EAED725B5D48400F2B293 /* WebKit.framework in Frameworks */ = {isa = PBXBuildFile; fileRef = 999EAEA825B5D20A00F2B293 /* WebKit.framework */; };
		999EAED825B5D48A00F2B293 /* AVKit.framework in Frameworks */ = {isa = PBXBuildFile; fileRef = 999EAEA625B5CE9200F2B293 /* AVKit.framework */; };
		999EAED925B5D49000F2B293 /* CoreMedia.framework in Frameworks */ = {isa = PBXBuildFile; fileRef = 999EAEA425B5CE8C00F2B293 /* CoreMedia.framework */; };
		999EAEDA25B5D4A600F2B293 /* libicucore.A.tbd in Frameworks */ = {isa = PBXBuildFile; fileRef = 999EAEAE25B5D22400F2B293 /* libicucore.A.tbd */; };
		999EAEEC25B5D6DC00F2B293 /* libz.tbd in Frameworks */ = {isa = PBXBuildFile; fileRef = 999EAEEB25B5D6DC00F2B293 /* libz.tbd */; };
		999EAEEF25B5D6E100F2B293 /* libsqlite3.tbd in Frameworks */ = {isa = PBXBuildFile; fileRef = 999EAEEE25B5D6E100F2B293 /* libsqlite3.tbd */; };
		99FD207525B5CA9300D92258 /* RootViewController.mm in Sources */ = {isa = PBXBuildFile; fileRef = 99FD206625B5CA9300D92258 /* RootViewController.mm */; };
		99FD207725B5CA9300D92258 /* main.m in Sources */ = {isa = PBXBuildFile; fileRef = 99FD206B25B5CA9300D92258 /* main.m */; };
		99FD207925B5CA9300D92258 /* AppController.mm in Sources */ = {isa = PBXBuildFile; fileRef = 99FD206E25B5CA9300D92258 /* AppController.mm */; };
		99FD207A25B5CA9300D92258 /* SDKWrapper.m in Sources */ = {isa = PBXBuildFile; fileRef = 99FD207125B5CA9300D92258 /* SDKWrapper.m */; };
		99FD208D25B5CB0D00D92258 /* src in Resources */ = {isa = PBXBuildFile; fileRef = 99FD202D25B5CA1A00D92258 /* src */; };
		99FD208F25B5CB0F00D92258 /* res in Resources */ = {isa = PBXBuildFile; fileRef = 99FD202A25B5CA1500D92258 /* res */; };
		99FD209125B5CB1600D92258 /* jsb-adapter in Resources */ = {isa = PBXBuildFile; fileRef = 99FD202425B5CA0000D92258 /* jsb-adapter */; };
		99FD209325B5CB1B00D92258 /* main.js in Resources */ = {isa = PBXBuildFile; fileRef = 99FD202025B5C9F100D92258 /* main.js */; };
		99FD209525B5CB1E00D92258 /* project.json in Resources */ = {isa = PBXBuildFile; fileRef = 99FD203025B5CA5100D92258 /* project.json */; };
		99FD209725B5CB5400D92258 /* LaunchScreenBackground.png in Resources */ = {isa = PBXBuildFile; fileRef = 99FD206825B5CA9300D92258 /* LaunchScreenBackground.png */; };
		99FD209C25B5CC0400D92258 /* Localizable.strings in Resources */ = {isa = PBXBuildFile; fileRef = 99FD209A25B5CC0400D92258 /* Localizable.strings */; };
		99FD20A025B5CC1800D92258 /* LaunchScreen.storyboard in Resources */ = {isa = PBXBuildFile; fileRef = 99FD209E25B5CC1800D92258 /* LaunchScreen.storyboard */; };
		99FD20F125B5CCDE00D92258 /* jsb_module_register.cpp in Sources */ = {isa = PBXBuildFile; fileRef = 99FD20EF25B5CCDE00D92258 /* jsb_module_register.cpp */; };
		99FD20F225B5CCDE00D92258 /* AppDelegate.cpp in Sources */ = {isa = PBXBuildFile; fileRef = 99FD20F025B5CCDE00D92258 /* AppDelegate.cpp */; };
/* End PBXBuildFile section */

/* Begin PBXContainerItemProxy section */
		99FD201425B5C94400D92258 /* PBXContainerItemProxy */ = {
			isa = PBXContainerItemProxy;
			containerPortal = 99FD201025B5C94400D92258 /* cocos2d_libs.xcodeproj */;
			proxyType = 2;
			remoteGlobalIDString = A07A4D641783777C0073F6A7;
			remoteInfo = "libcocos2d iOS";
		};
		99FD20EA25B5CC8600D92258 /* PBXContainerItemProxy */ = {
			isa = PBXContainerItemProxy;
			containerPortal = 99FD201025B5C94400D92258 /* cocos2d_libs.xcodeproj */;
			proxyType = 1;
			remoteGlobalIDString = A07A4C241783777C0073F6A7;
			remoteInfo = "libcocos2d iOS";
		};
/* End PBXContainerItemProxy section */

/* Begin PBXFileReference section */
		999EAEA425B5CE8C00F2B293 /* CoreMedia.framework */ = {isa = PBXFileReference; lastKnownFileType = wrapper.framework; name = CoreMedia.framework; path = System/Library/Frameworks/CoreMedia.framework; sourceTree = SDKROOT; };
		999EAEA625B5CE9200F2B293 /* AVKit.framework */ = {isa = PBXFileReference; lastKnownFileType = wrapper.framework; name = AVKit.framework; path = System/Library/Frameworks/AVKit.framework; sourceTree = SDKROOT; };
		999EAEA825B5D20A00F2B293 /* WebKit.framework */ = {isa = PBXFileReference; lastKnownFileType = wrapper.framework; name = WebKit.framework; path = System/Library/Frameworks/WebKit.framework; sourceTree = SDKROOT; };
		999EAEAA25B5D21200F2B293 /* SystemConfiguration.framework */ = {isa = PBXFileReference; lastKnownFileType = wrapper.framework; name = SystemConfiguration.framework; path = System/Library/Frameworks/SystemConfiguration.framework; sourceTree = SDKROOT; };
		999EAEAC25B5D21900F2B293 /* JavaScriptCore.framework */ = {isa = PBXFileReference; lastKnownFileType = wrapper.framework; name = JavaScriptCore.framework; path = System/Library/Frameworks/JavaScriptCore.framework; sourceTree = SDKROOT; };
		999EAEAE25B5D22400F2B293 /* libicucore.A.tbd */ = {isa = PBXFileReference; lastKnownFileType = "sourcecode.text-based-dylib-definition"; name = libicucore.A.tbd; path = usr/lib/libicucore.A.tbd; sourceTree = SDKROOT; };
		999EAEB325B5D23800F2B293 /* CoreGraphics.framework */ = {isa = PBXFileReference; lastKnownFileType = wrapper.framework; name = CoreGraphics.framework; path = System/Library/Frameworks/CoreGraphics.framework; sourceTree = SDKROOT; };
		999EAEB525B5D24000F2B293 /* Foundation.framework */ = {isa = PBXFileReference; lastKnownFileType = wrapper.framework; name = Foundation.framework; path = System/Library/Frameworks/Foundation.framework; sourceTree = SDKROOT; };
		999EAEB725B5D24700F2B293 /* UIKit.framework */ = {isa = PBXFileReference; lastKnownFileType = wrapper.framework; name = UIKit.framework; path = System/Library/Frameworks/UIKit.framework; sourceTree = SDKROOT; };
		999EAEB925B5D24B00F2B293 /* AVFoundation.framework */ = {isa = PBXFileReference; lastKnownFileType = wrapper.framework; name = AVFoundation.framework; path = System/Library/Frameworks/AVFoundation.framework; sourceTree = SDKROOT; };
		999EAEBB25B5D25000F2B293 /* AudioToolbox.framework */ = {isa = PBXFileReference; lastKnownFileType = wrapper.framework; name = AudioToolbox.framework; path = System/Library/Frameworks/AudioToolbox.framework; sourceTree = SDKROOT; };
		999EAEBD25B5D25600F2B293 /* OpenAL.framework */ = {isa = PBXFileReference; lastKnownFileType = wrapper.framework; name = OpenAL.framework; path = System/Library/Frameworks/OpenAL.framework; sourceTree = SDKROOT; };
		999EAEBF25B5D25B00F2B293 /* OpenGLES.framework */ = {isa = PBXFileReference; lastKnownFileType = wrapper.framework; name = OpenGLES.framework; path = System/Library/Frameworks/OpenGLES.framework; sourceTree = SDKROOT; };
		999EAEC125B5D26300F2B293 /* QuartzCore.framework */ = {isa = PBXFileReference; lastKnownFileType = wrapper.framework; name = QuartzCore.framework; path = System/Library/Frameworks/QuartzCore.framework; sourceTree = SDKROOT; };
		999EAEC325B5D3EC00F2B293 /* CoreMotion.framework */ = {isa = PBXFileReference; lastKnownFileType = wrapper.framework; name = CoreMotion.framework; path = System/Library/Frameworks/CoreMotion.framework; sourceTree = SDKROOT; };
		999EAEC525B5D3F400F2B293 /* Security.framework */ = {isa = PBXFileReference; lastKnownFileType = wrapper.framework; name = Security.framework; path = System/Library/Frameworks/Security.framework; sourceTree = SDKROOT; };
		999EAECB25B5D44900F2B293 /* CoreText.framework */ = {isa = PBXFileReference; lastKnownFileType = wrapper.framework; name = CoreText.framework; path = System/Library/Frameworks/CoreText.framework; sourceTree = SDKROOT; };
		999EAECD25B5D45200F2B293 /* CFNetwork.framework */ = {isa = PBXFileReference; lastKnownFileType = wrapper.framework; name = CFNetwork.framework; path = System/Library/Frameworks/CFNetwork.framework; sourceTree = SDKROOT; };
		999EAECF25B5D45800F2B293 /* CoreFoundation.framework */ = {isa = PBXFileReference; lastKnownFileType = wrapper.framework; name = CoreFoundation.framework; path = System/Library/Frameworks/CoreFoundation.framework; sourceTree = SDKROOT; };
		999EAED125B5D46100F2B293 /* MobileCoreServices.framework */ = {isa = PBXFileReference; lastKnownFileType = wrapper.framework; name = MobileCoreServices.framework; path = System/Library/Frameworks/MobileCoreServices.framework; sourceTree = SDKROOT; };
		999EAED425B5D46D00F2B293 /* GameController.framework */ = {isa = PBXFileReference; lastKnownFileType = wrapper.framework; name = GameController.framework; path = System/Library/Frameworks/GameController.framework; sourceTree = SDKROOT; };
		999EAEEB25B5D6DC00F2B293 /* libz.tbd */ = {isa = PBXFileReference; lastKnownFileType = "sourcecode.text-based-dylib-definition"; name = libz.tbd; path = usr/lib/libz.tbd; sourceTree = SDKROOT; };
		999EAEEE25B5D6E100F2B293 /* libsqlite3.tbd */ = {isa = PBXFileReference; lastKnownFileType = "sourcecode.text-based-dylib-definition"; name = libsqlite3.tbd; path = usr/lib/libsqlite3.tbd; sourceTree = SDKROOT; };
		99FD1FF325B5C91300D92258 /* cocostest.app */ = {isa = PBXFileReference; explicitFileType = wrapper.application; includeInIndex = 0; path = cocostest.app; sourceTree = BUILT_PRODUCTS_DIR; };
		99FD201025B5C94400D92258 /* cocos2d_libs.xcodeproj */ = {isa = PBXFileReference; lastKnownFileType = "wrapper.pb-project"; name = cocos2d_libs.xcodeproj; path = "../../../../../Applications/CocosCreator/Creator3D/1.2.0/CocosCreator3D.app/Contents/Resources/resources/3d/cocos2d-x-lite/build/cocos2d_libs.xcodeproj"; sourceTree = "<group>"; };
		99FD202025B5C9F100D92258 /* main.js */ = {isa = PBXFileReference; fileEncoding = 4; lastKnownFileType = sourcecode.javascript; name = main.js; path = ../../../Project/MyProject/CocosDemo/build/ios/main.js; sourceTree = "<group>"; };
		99FD202425B5CA0000D92258 /* jsb-adapter */ = {isa = PBXFileReference; lastKnownFileType = folder; name = "jsb-adapter"; path = "../../../Project/MyProject/CocosDemo/build/ios/jsb-adapter"; sourceTree = "<group>"; };
		99FD202A25B5CA1500D92258 /* res */ = {isa = PBXFileReference; lastKnownFileType = folder; name = res; path = ../../../Project/MyProject/CocosDemo/build/ios/res; sourceTree = "<group>"; };
		99FD202D25B5CA1A00D92258 /* src */ = {isa = PBXFileReference; lastKnownFileType = folder; name = src; path = ../../../Project/MyProject/CocosDemo/build/ios/src; sourceTree = "<group>"; };
		99FD203025B5CA5100D92258 /* project.json */ = {isa = PBXFileReference; fileEncoding = 4; lastKnownFileType = text.json; name = project.json; path = ../../../Project/MyProject/CocosDemo/build/ios/project.json; sourceTree = "<group>"; };
		99FD206625B5CA9300D92258 /* RootViewController.mm */ = {isa = PBXFileReference; fileEncoding = 4; lastKnownFileType = sourcecode.cpp.objcpp; path = RootViewController.mm; sourceTree = "<group>"; };
		99FD206725B5CA9300D92258 /* AppController.h */ = {isa = PBXFileReference; fileEncoding = 4; lastKnownFileType = sourcecode.c.h; path = AppController.h; sourceTree = "<group>"; };
		99FD206825B5CA9300D92258 /* LaunchScreenBackground.png */ = {isa = PBXFileReference; lastKnownFileType = image.png; path = LaunchScreenBackground.png; sourceTree = "<group>"; };
		99FD206925B5CA9300D92258 /* SDKWrapper.h */ = {isa = PBXFileReference; fileEncoding = 4; lastKnownFileType = sourcecode.c.h; path = SDKWrapper.h; sourceTree = "<group>"; };
		99FD206A25B5CA9300D92258 /* Prefix.pch */ = {isa = PBXFileReference; fileEncoding = 4; lastKnownFileType = sourcecode.c.h; path = Prefix.pch; sourceTree = "<group>"; };
		99FD206B25B5CA9300D92258 /* main.m */ = {isa = PBXFileReference; fileEncoding = 4; lastKnownFileType = sourcecode.c.objc; path = main.m; sourceTree = "<group>"; };
		99FD206C25B5CA9300D92258 /* Images.xcassets */ = {isa = PBXFileReference; lastKnownFileType = folder.assetcatalog; path = Images.xcassets; sourceTree = "<group>"; };
		99FD206D25B5CA9300D92258 /* RootViewController.h */ = {isa = PBXFileReference; fileEncoding = 4; lastKnownFileType = sourcecode.c.h; path = RootViewController.h; sourceTree = "<group>"; };
		99FD206E25B5CA9300D92258 /* AppController.mm */ = {isa = PBXFileReference; fileEncoding = 4; lastKnownFileType = sourcecode.cpp.objcpp; path = AppController.mm; sourceTree = "<group>"; };
		99FD207025B5CA9300D92258 /* SDKDelegate.h */ = {isa = PBXFileReference; fileEncoding = 4; lastKnownFileType = sourcecode.c.h; path = SDKDelegate.h; sourceTree = "<group>"; };
		99FD207125B5CA9300D92258 /* SDKWrapper.m */ = {isa = PBXFileReference; fileEncoding = 4; lastKnownFileType = sourcecode.c.objc; path = SDKWrapper.m; sourceTree = "<group>"; };
		99FD207225B5CA9300D92258 /* Info.plist */ = {isa = PBXFileReference; fileEncoding = 4; lastKnownFileType = text.plist.xml; path = Info.plist; sourceTree = "<group>"; };
		99FD207325B5CA9300D92258 /* UserConfigIOS.debug.xcconfig */ = {isa = PBXFileReference; fileEncoding = 4; lastKnownFileType = text.xcconfig; path = UserConfigIOS.debug.xcconfig; sourceTree = "<group>"; };
		99FD207425B5CA9300D92258 /* UserConfigIOS.release.xcconfig */ = {isa = PBXFileReference; fileEncoding = 4; lastKnownFileType = text.xcconfig; path = UserConfigIOS.release.xcconfig; sourceTree = "<group>"; };
		99FD209B25B5CC0400D92258 /* Base */ = {isa = PBXFileReference; lastKnownFileType = text.plist.strings; name = Base; path = ios/Base.lproj/Localizable.strings; sourceTree = "<group>"; };
		99FD209F25B5CC1800D92258 /* Base */ = {isa = PBXFileReference; lastKnownFileType = file.storyboard; name = Base; path = ios/Base.lproj/LaunchScreen.storyboard; sourceTree = "<group>"; };
		99FD20EE25B5CCDE00D92258 /* AppDelegate.h */ = {isa = PBXFileReference; fileEncoding = 4; lastKnownFileType = sourcecode.c.h; path = AppDelegate.h; sourceTree = "<group>"; };
		99FD20EF25B5CCDE00D92258 /* jsb_module_register.cpp */ = {isa = PBXFileReference; fileEncoding = 4; lastKnownFileType = sourcecode.cpp.cpp; path = jsb_module_register.cpp; sourceTree = "<group>"; };
		99FD20F025B5CCDE00D92258 /* AppDelegate.cpp */ = {isa = PBXFileReference; fileEncoding = 4; lastKnownFileType = sourcecode.cpp.cpp; path = AppDelegate.cpp; sourceTree = "<group>"; };
/* End PBXFileReference section */

/* Begin PBXFrameworksBuildPhase section */
		99FD1FF025B5C91300D92258 /* Frameworks */ = {
			isa = PBXFrameworksBuildPhase;
			buildActionMask = 2147483647;
			files = (
				999EAEEF25B5D6E100F2B293 /* libsqlite3.tbd in Frameworks */,
				999EAEEC25B5D6DC00F2B293 /* libz.tbd in Frameworks */,
				999EAED325B5D46800F2B293 /* SystemConfiguration.framework in Frameworks */,
				999EAED925B5D49000F2B293 /* CoreMedia.framework in Frameworks */,
				999EAED825B5D48A00F2B293 /* AVKit.framework in Frameworks */,
				999EAED725B5D48400F2B293 /* WebKit.framework in Frameworks */,
				999EAED625B5D47400F2B293 /* JavaScriptCore.framework in Frameworks */,
				999EAEDA25B5D4A600F2B293 /* libicucore.A.tbd in Frameworks */,
				999EAED525B5D46D00F2B293 /* GameController.framework in Frameworks */,
				999EAED225B5D46100F2B293 /* MobileCoreServices.framework in Frameworks */,
				999EAED025B5D45800F2B293 /* CoreFoundation.framework in Frameworks */,
				999EAECE25B5D45200F2B293 /* CFNetwork.framework in Frameworks */,
				999EAECC25B5D44900F2B293 /* CoreText.framework in Frameworks */,
				999EAEC925B5D42E00F2B293 /* libcocos2d iOS.a in Frameworks */,
				999EAEC625B5D3F400F2B293 /* Security.framework in Frameworks */,
				999EAEC425B5D3EC00F2B293 /* CoreMotion.framework in Frameworks */,
				999EAEC225B5D26300F2B293 /* QuartzCore.framework in Frameworks */,
				999EAEC025B5D25B00F2B293 /* OpenGLES.framework in Frameworks */,
				999EAEBE25B5D25600F2B293 /* OpenAL.framework in Frameworks */,
				999EAEBC25B5D25000F2B293 /* AudioToolbox.framework in Frameworks */,
				999EAEBA25B5D24B00F2B293 /* AVFoundation.framework in Frameworks */,
				999EAEB825B5D24700F2B293 /* UIKit.framework in Frameworks */,
				999EAEB625B5D24000F2B293 /* Foundation.framework in Frameworks */,
				999EAEB425B5D23800F2B293 /* CoreGraphics.framework in Frameworks */,
			);
			runOnlyForDeploymentPostprocessing = 0;
		};
/* End PBXFrameworksBuildPhase section */

/* Begin PBXGroup section */
		999EAEA325B5CE8C00F2B293 /* Frameworks */ = {
			isa = PBXGroup;
			children = (
				999EAEEE25B5D6E100F2B293 /* libsqlite3.tbd */,
				999EAEEB25B5D6DC00F2B293 /* libz.tbd */,
				999EAED425B5D46D00F2B293 /* GameController.framework */,
				999EAED125B5D46100F2B293 /* MobileCoreServices.framework */,
				999EAECF25B5D45800F2B293 /* CoreFoundation.framework */,
				999EAECD25B5D45200F2B293 /* CFNetwork.framework */,
				999EAECB25B5D44900F2B293 /* CoreText.framework */,
				999EAEC525B5D3F400F2B293 /* Security.framework */,
				999EAEC325B5D3EC00F2B293 /* CoreMotion.framework */,
				999EAEC125B5D26300F2B293 /* QuartzCore.framework */,
				999EAEBF25B5D25B00F2B293 /* OpenGLES.framework */,
				999EAEBD25B5D25600F2B293 /* OpenAL.framework */,
				999EAEBB25B5D25000F2B293 /* AudioToolbox.framework */,
				999EAEB925B5D24B00F2B293 /* AVFoundation.framework */,
				999EAEB725B5D24700F2B293 /* UIKit.framework */,
				999EAEB525B5D24000F2B293 /* Foundation.framework */,
				999EAEB325B5D23800F2B293 /* CoreGraphics.framework */,
				999EAEAE25B5D22400F2B293 /* libicucore.A.tbd */,
				999EAEAC25B5D21900F2B293 /* JavaScriptCore.framework */,
				999EAEAA25B5D21200F2B293 /* SystemConfiguration.framework */,
				999EAEA825B5D20A00F2B293 /* WebKit.framework */,
				999EAEA625B5CE9200F2B293 /* AVKit.framework */,
				999EAEA425B5CE8C00F2B293 /* CoreMedia.framework */,
			);
			name = Frameworks;
			sourceTree = "<group>";
		};
		99FD1FEA25B5C91300D92258 = {
			isa = PBXGroup;
			children = (
				99FD20ED25B5CCDE00D92258 /* Classes */,
				99FD201025B5C94400D92258 /* cocos2d_libs.xcodeproj */,
				99FD206525B5CA9300D92258 /* ios */,
				99FD1FF425B5C91300D92258 /* Products */,
				99FD201925B5C9BD00D92258 /* Resources */,
				999EAEA325B5CE8C00F2B293 /* Frameworks */,
			);
			sourceTree = "<group>";
		};
		99FD1FF425B5C91300D92258 /* Products */ = {
			isa = PBXGroup;
			children = (
				99FD1FF325B5C91300D92258 /* cocostest.app */,
			);
			name = Products;
			sourceTree = "<group>";
		};
		99FD201125B5C94400D92258 /* Products */ = {
			isa = PBXGroup;
			children = (
				99FD201525B5C94400D92258 /* libcocos2d iOS.a */,
			);
			name = Products;
			sourceTree = "<group>";
		};
		99FD201925B5C9BD00D92258 /* Resources */ = {
			isa = PBXGroup;
			children = (
				99FD202D25B5CA1A00D92258 /* src */,
				99FD202A25B5CA1500D92258 /* res */,
				99FD202425B5CA0000D92258 /* jsb-adapter */,
				99FD202025B5C9F100D92258 /* main.js */,
				99FD203025B5CA5100D92258 /* project.json */,
				99FD209A25B5CC0400D92258 /* Localizable.strings */,
			);
			name = Resources;
			sourceTree = "<group>";
		};
		99FD206525B5CA9300D92258 /* ios */ = {
			isa = PBXGroup;
			children = (
				99FD206725B5CA9300D92258 /* AppController.h */,
				99FD206E25B5CA9300D92258 /* AppController.mm */,
				99FD206C25B5CA9300D92258 /* Images.xcassets */,
				99FD207225B5CA9300D92258 /* Info.plist */,
				99FD209E25B5CC1800D92258 /* LaunchScreen.storyboard */,
				99FD206825B5CA9300D92258 /* LaunchScreenBackground.png */,
				99FD206B25B5CA9300D92258 /* main.m */,
				99FD206A25B5CA9300D92258 /* Prefix.pch */,
				99FD206D25B5CA9300D92258 /* RootViewController.h */,
				99FD206625B5CA9300D92258 /* RootViewController.mm */,
				99FD206925B5CA9300D92258 /* SDKWrapper.h */,
				99FD207125B5CA9300D92258 /* SDKWrapper.m */,
				99FD206F25B5CA9300D92258 /* service */,
				99FD207325B5CA9300D92258 /* UserConfigIOS.debug.xcconfig */,
				99FD207425B5CA9300D92258 /* UserConfigIOS.release.xcconfig */,
			);
			path = ios;
			sourceTree = "<group>";
		};
		99FD206F25B5CA9300D92258 /* service */ = {
			isa = PBXGroup;
			children = (
				99FD207025B5CA9300D92258 /* SDKDelegate.h */,
			);
			path = service;
			sourceTree = "<group>";
		};
		99FD20ED25B5CCDE00D92258 /* Classes */ = {
			isa = PBXGroup;
			children = (
				99FD20EE25B5CCDE00D92258 /* AppDelegate.h */,
				99FD20EF25B5CCDE00D92258 /* jsb_module_register.cpp */,
				99FD20F025B5CCDE00D92258 /* AppDelegate.cpp */,
			);
			path = Classes;
			sourceTree = "<group>";
		};
/* End PBXGroup section */

/* Begin PBXNativeTarget section */
		99FD1FF225B5C91300D92258 /* cocostest */ = {
			isa = PBXNativeTarget;
			buildConfigurationList = 99FD200C25B5C91400D92258 /* Build configuration list for PBXNativeTarget "cocostest" */;
			buildPhases = (
				99FD1FEF25B5C91300D92258 /* Sources */,
				99FD1FF025B5C91300D92258 /* Frameworks */,
				99FD1FF125B5C91300D92258 /* Resources */,
			);
			buildRules = (
			);
			dependencies = (
				99FD20EB25B5CC8600D92258 /* PBXTargetDependency */,
			);
			name = cocostest;
			productName = cocostest;
			productReference = 99FD1FF325B5C91300D92258 /* cocostest.app */;
			productType = "com.apple.product-type.application";
		};
/* End PBXNativeTarget section */

/* Begin PBXProject section */
		99FD1FEB25B5C91300D92258 /* Project object */ = {
			isa = PBXProject;
			attributes = {
				LastUpgradeCheck = 1230;
				TargetAttributes = {
					99FD1FF225B5C91300D92258 = {
						CreatedOnToolsVersion = 12.3;
					};
				};
			};
			buildConfigurationList = 99FD1FEE25B5C91300D92258 /* Build configuration list for PBXProject "cocostest" */;
			compatibilityVersion = "Xcode 9.3";
			developmentRegion = en;
			hasScannedForEncodings = 0;
			knownRegions = (
				en,
				Base,
				"zh-Hans",
			);
			mainGroup = 99FD1FEA25B5C91300D92258;
			productRefGroup = 99FD1FF425B5C91300D92258 /* Products */;
			projectDirPath = "";
			projectReferences = (
				{
					ProductGroup = 99FD201125B5C94400D92258 /* Products */;
					ProjectRef = 99FD201025B5C94400D92258 /* cocos2d_libs.xcodeproj */;
				},
			);
			projectRoot = "";
			targets = (
				99FD1FF225B5C91300D92258 /* cocostest */,
			);
		};
/* End PBXProject section */

/* Begin PBXReferenceProxy section */
		99FD201525B5C94400D92258 /* libcocos2d iOS.a */ = {
			isa = PBXReferenceProxy;
			fileType = archive.ar;
			path = "libcocos2d iOS.a";
			remoteRef = 99FD201425B5C94400D92258 /* PBXContainerItemProxy */;
			sourceTree = BUILT_PRODUCTS_DIR;
		};
/* End PBXReferenceProxy section */

/* Begin PBXResourcesBuildPhase section */
		99FD1FF125B5C91300D92258 /* Resources */ = {
			isa = PBXResourcesBuildPhase;
			buildActionMask = 2147483647;
			files = (
				99FD209125B5CB1600D92258 /* jsb-adapter in Resources */,
				99FD209525B5CB1E00D92258 /* project.json in Resources */,
				99FD209325B5CB1B00D92258 /* main.js in Resources */,
				99FD208D25B5CB0D00D92258 /* src in Resources */,
				99FD208F25B5CB0F00D92258 /* res in Resources */,
				99FD209725B5CB5400D92258 /* LaunchScreenBackground.png in Resources */,
				99FD20A025B5CC1800D92258 /* LaunchScreen.storyboard in Resources */,
				99FD209C25B5CC0400D92258 /* Localizable.strings in Resources */,
			);
			runOnlyForDeploymentPostprocessing = 0;
		};
/* End PBXResourcesBuildPhase section */

/* Begin PBXSourcesBuildPhase section */
		99FD1FEF25B5C91300D92258 /* Sources */ = {
			isa = PBXSourcesBuildPhase;
			buildActionMask = 2147483647;
			files = (
				99FD207525B5CA9300D92258 /* RootViewController.mm in Sources */,
				99FD207725B5CA9300D92258 /* main.m in Sources */,
				99FD20F225B5CCDE00D92258 /* AppDelegate.cpp in Sources */,
				99FD207A25B5CA9300D92258 /* SDKWrapper.m in Sources */,
				99FD207925B5CA9300D92258 /* AppController.mm in Sources */,
				99FD20F125B5CCDE00D92258 /* jsb_module_register.cpp in Sources */,
			);
			runOnlyForDeploymentPostprocessing = 0;
		};
/* End PBXSourcesBuildPhase section */

/* Begin PBXTargetDependency section */
		99FD20EB25B5CC8600D92258 /* PBXTargetDependency */ = {
			isa = PBXTargetDependency;
			name = "libcocos2d iOS";
			targetProxy = 99FD20EA25B5CC8600D92258 /* PBXContainerItemProxy */;
		};
/* End PBXTargetDependency section */

/* Begin PBXVariantGroup section */
		99FD209A25B5CC0400D92258 /* Localizable.strings */ = {
			isa = PBXVariantGroup;
			children = (
				99FD209B25B5CC0400D92258 /* Base */,
			);
			name = Localizable.strings;
			sourceTree = "<group>";
		};
		99FD209E25B5CC1800D92258 /* LaunchScreen.storyboard */ = {
			isa = PBXVariantGroup;
			children = (
				99FD209F25B5CC1800D92258 /* Base */,
			);
			name = LaunchScreen.storyboard;
			sourceTree = "<group>";
		};
/* End PBXVariantGroup section */

/* Begin XCBuildConfiguration section */
		99FD200A25B5C91400D92258 /* Debug */ = {
			isa = XCBuildConfiguration;
			baseConfigurationReference = 99FD207325B5CA9300D92258 /* UserConfigIOS.debug.xcconfig */;
			buildSettings = {
				ALWAYS_SEARCH_USER_PATHS = NO;
				CLANG_ANALYZER_LOCALIZABILITY_NONLOCALIZED = YES;
				CLANG_ANALYZER_NONNULL = YES_NONAGGRESSIVE;
				CLANG_ANALYZER_NUMBER_OBJECT_CONVERSION = YES;
				CLANG_ANALYZER_SECURITY_FLOATLOOPCOUNTER = YES;
				CLANG_ANALYZER_SECURITY_INSECUREAPI_RAND = YES;
				CLANG_ANALYZER_SECURITY_INSECUREAPI_STRCPY = YES;
				CLANG_CXX_LANGUAGE_STANDARD = "c++0x";
				CLANG_CXX_LIBRARY = "libc++";
				CLANG_ENABLE_MODULES = NO;
				CLANG_ENABLE_OBJC_ARC = NO;
				CLANG_ENABLE_OBJC_WEAK = NO;
				CLANG_WARN_BLOCK_CAPTURE_AUTORELEASING = NO;
				CLANG_WARN_BOOL_CONVERSION = "$(CLANG_WARN_SUSPICIOUS_IMPLICIT_CONVERSION)";
				CLANG_WARN_COMMA = NO;
				CLANG_WARN_CONSTANT_CONVERSION = "$(CLANG_WARN_SUSPICIOUS_IMPLICIT_CONVERSION)";
				CLANG_WARN_DEPRECATED_OBJC_IMPLEMENTATIONS = NO;
				CLANG_WARN_DIRECT_OBJC_ISA_USAGE = YES_ERROR;
				CLANG_WARN_DOCUMENTATION_COMMENTS = NO;
				CLANG_WARN_EMPTY_BODY = NO;
				CLANG_WARN_ENUM_CONVERSION = "$(CLANG_WARN_SUSPICIOUS_IMPLICIT_CONVERSION)";
				CLANG_WARN_INFINITE_RECURSION = NO;
				CLANG_WARN_INT_CONVERSION = "$(CLANG_WARN_SUSPICIOUS_IMPLICIT_CONVERSION)";
				CLANG_WARN_NON_LITERAL_NULL_CONVERSION = "$(CLANG_WARN_SUSPICIOUS_IMPLICIT_CONVERSION)";
				CLANG_WARN_OBJC_IMPLICIT_RETAIN_SELF = NO;
				CLANG_WARN_OBJC_LITERAL_CONVERSION = "$(CLANG_WARN_SUSPICIOUS_IMPLICIT_CONVERSION)";
				CLANG_WARN_OBJC_ROOT_CLASS = YES_ERROR;
				CLANG_WARN_QUOTED_INCLUDE_IN_FRAMEWORK_HEADER = NO;
				CLANG_WARN_RANGE_LOOP_ANALYSIS = NO;
				CLANG_WARN_STRICT_PROTOTYPES = NO;
				CLANG_WARN_SUSPICIOUS_MOVE = NO;
				CLANG_WARN_UNGUARDED_AVAILABILITY = YES;
				CLANG_WARN_UNREACHABLE_CODE = NO;
				CLANG_WARN__DUPLICATE_METHOD_MATCH = NO;
				COMPRESS_PNG_FILES = NO;
				COPY_PHASE_STRIP = NO;
				DEBUG_INFORMATION_FORMAT = dwarf;
				ENABLE_BITCODE = NO;
				ENABLE_NS_ASSERTIONS = YES;
				ENABLE_STRICT_OBJC_MSGSEND = NO;
				ENABLE_TESTABILITY = YES;
				GCC_C_LANGUAGE_STANDARD = c99;
				GCC_DYNAMIC_NO_PIC = NO;
				GCC_NO_COMMON_BLOCKS = YES;
				GCC_OPTIMIZATION_LEVEL = 0;
				GCC_PREPROCESSOR_DEFINITIONS = (
					"DEBUG=1",
					"$(inherited)",
					"COCOS2D_DEBUG=1",
					COCOS2D_JAVASCRIPT,
					USE_FILE32API,
				);
				GCC_WARN_64_TO_32_BIT_CONVERSION = NO;
				GCC_WARN_ABOUT_RETURN_TYPE = YES;
				GCC_WARN_UNDECLARED_SELECTOR = NO;
				GCC_WARN_UNINITIALIZED_AUTOS = NO;
				GCC_WARN_UNUSED_FUNCTION = NO;
				GCC_WARN_UNUSED_VARIABLE = YES;
				INFOPLIST_OUTPUT_FORMAT = "same-as-input";
				IPHONEOS_DEPLOYMENT_TARGET = 14.3;
				MTL_ENABLE_DEBUG_INFO = INCLUDE_SOURCE;
				MTL_FAST_MATH = YES;
				ONLY_ACTIVE_ARCH = YES;
				PLIST_FILE_OUTPUT_FORMAT = "same-as-input";
				SDKROOT = iphoneos;
				STRINGS_FILE_OUTPUT_ENCODING = "UTF-16";
				STRIP_PNG_TEXT = NO;
				USER_HEADER_SEARCH_PATHS = (
					"/Applications/CocosCreator/Creator3D/1.2.0/CocosCreator3D.app/Contents/Resources/resources/3d/cocos2d-x-lite",
					"/Applications/CocosCreator/Creator3D/1.2.0/CocosCreator3D.app/Contents/Resources/resources/3d/cocos2d-x-lite/cocos",
					"/Applications/CocosCreator/Creator3D/1.2.0/CocosCreator3D.app/Contents/Resources/resources/3d/cocos2d-x-lite/cocos/base",
					"/Applications/CocosCreator/Creator3D/1.2.0/CocosCreator3D.app/Contents/Resources/resources/3d/cocos2d-x-lite/cocos/physics",
					"/Applications/CocosCreator/Creator3D/1.2.0/CocosCreator3D.app/Contents/Resources/resources/3d/cocos2d-x-lite/cocos/math/kazmath",
					"/Applications/CocosCreator/Creator3D/1.2.0/CocosCreator3D.app/Contents/Resources/resources/3d/cocos2d-x-lite/cocos/2d",
					"/Applications/CocosCreator/Creator3D/1.2.0/CocosCreator3D.app/Contents/Resources/resources/3d/cocos2d-x-lite/cocos/gui",
					"/Applications/CocosCreator/Creator3D/1.2.0/CocosCreator3D.app/Contents/Resources/resources/3d/cocos2d-x-lite/cocos/network",
					"/Applications/CocosCreator/Creator3D/1.2.0/CocosCreator3D.app/Contents/Resources/resources/3d/cocos2d-x-lite/cocos/audio/include",
					"/Applications/CocosCreator/Creator3D/1.2.0/CocosCreator3D.app/Contents/Resources/resources/3d/cocos2d-x-lite/cocos/editor-support",
					"/Applications/CocosCreator/Creator3D/1.2.0/CocosCreator3D.app/Contents/Resources/resources/3d/cocos2d-x-lite/extensions",
					"/Applications/CocosCreator/Creator3D/1.2.0/CocosCreator3D.app/Contents/Resources/resources/3d/cocos2d-x-lite/external",
					"/Applications/CocosCreator/Creator3D/1.2.0/CocosCreator3D.app/Contents/Resources/resources/3d/cocos2d-x-lite/external/sources",
					"/Applications/CocosCreator/Creator3D/1.2.0/CocosCreator3D.app/Contents/Resources/resources/3d/cocos2d-x-lite/external/chipmunk/include/chipmunk",
					"/Applications/CocosCreator/Creator3D/1.2.0/CocosCreator3D.app/Contents/Resources/resources/3d/cocos2d-x-lite/external/mac/include/v8",
					"/Applications/CocosCreator/Creator3D/1.2.0/CocosCreator3D.app/Contents/Resources/resources/3d/cocos2d-x-lite/cocos/scripting/js-bindings/auto",
					"/Applications/CocosCreator/Creator3D/1.2.0/CocosCreator3D.app/Contents/Resources/resources/3d/cocos2d-x-lite/cocos/scripting/js-bindings/manual",
					"/Applications/CocosCreator/Creator3D/1.2.0/CocosCreator3D.app/Contents/Resources/resources/3d/cocos2d-x-lite/cocos/renderer",
				);
			};
			name = Debug;
		};
		99FD200B25B5C91400D92258 /* Release */ = {
			isa = XCBuildConfiguration;
			baseConfigurationReference = 99FD207425B5CA9300D92258 /* UserConfigIOS.release.xcconfig */;
			buildSettings = {
				ALWAYS_SEARCH_USER_PATHS = NO;
				CLANG_ANALYZER_LOCALIZABILITY_NONLOCALIZED = YES;
				CLANG_ANALYZER_NONNULL = YES_NONAGGRESSIVE;
				CLANG_ANALYZER_NUMBER_OBJECT_CONVERSION = YES;
				CLANG_ANALYZER_SECURITY_FLOATLOOPCOUNTER = YES;
				CLANG_ANALYZER_SECURITY_INSECUREAPI_RAND = YES;
				CLANG_ANALYZER_SECURITY_INSECUREAPI_STRCPY = YES;
				CLANG_CXX_LANGUAGE_STANDARD = "c++0x";
				CLANG_CXX_LIBRARY = "libc++";
				CLANG_ENABLE_MODULES = NO;
				CLANG_ENABLE_OBJC_ARC = NO;
				CLANG_ENABLE_OBJC_WEAK = NO;
				CLANG_WARN_BLOCK_CAPTURE_AUTORELEASING = NO;
				CLANG_WARN_BOOL_CONVERSION = "$(CLANG_WARN_SUSPICIOUS_IMPLICIT_CONVERSION)";
				CLANG_WARN_COMMA = NO;
				CLANG_WARN_CONSTANT_CONVERSION = "$(CLANG_WARN_SUSPICIOUS_IMPLICIT_CONVERSION)";
				CLANG_WARN_DEPRECATED_OBJC_IMPLEMENTATIONS = NO;
				CLANG_WARN_DIRECT_OBJC_ISA_USAGE = YES_ERROR;
				CLANG_WARN_DOCUMENTATION_COMMENTS = NO;
				CLANG_WARN_EMPTY_BODY = NO;
				CLANG_WARN_ENUM_CONVERSION = "$(CLANG_WARN_SUSPICIOUS_IMPLICIT_CONVERSION)";
				CLANG_WARN_INFINITE_RECURSION = NO;
				CLANG_WARN_INT_CONVERSION = "$(CLANG_WARN_SUSPICIOUS_IMPLICIT_CONVERSION)";
				CLANG_WARN_NON_LITERAL_NULL_CONVERSION = "$(CLANG_WARN_SUSPICIOUS_IMPLICIT_CONVERSION)";
				CLANG_WARN_OBJC_IMPLICIT_RETAIN_SELF = NO;
				CLANG_WARN_OBJC_LITERAL_CONVERSION = "$(CLANG_WARN_SUSPICIOUS_IMPLICIT_CONVERSION)";
				CLANG_WARN_OBJC_ROOT_CLASS = YES_ERROR;
				CLANG_WARN_QUOTED_INCLUDE_IN_FRAMEWORK_HEADER = NO;
				CLANG_WARN_RANGE_LOOP_ANALYSIS = NO;
				CLANG_WARN_STRICT_PROTOTYPES = NO;
				CLANG_WARN_SUSPICIOUS_MOVE = NO;
				CLANG_WARN_UNGUARDED_AVAILABILITY = YES;
				CLANG_WARN_UNREACHABLE_CODE = NO;
				CLANG_WARN__DUPLICATE_METHOD_MATCH = NO;
				COMPRESS_PNG_FILES = NO;
				COPY_PHASE_STRIP = NO;
				DEBUG_INFORMATION_FORMAT = "dwarf-with-dsym";
				ENABLE_BITCODE = NO;
				ENABLE_NS_ASSERTIONS = YES;
				ENABLE_STRICT_OBJC_MSGSEND = NO;
				GCC_C_LANGUAGE_STANDARD = c99;
				GCC_NO_COMMON_BLOCKS = YES;
				GCC_WARN_64_TO_32_BIT_CONVERSION = NO;
				GCC_WARN_ABOUT_RETURN_TYPE = YES;
				GCC_WARN_UNDECLARED_SELECTOR = NO;
				GCC_WARN_UNINITIALIZED_AUTOS = NO;
				GCC_WARN_UNUSED_FUNCTION = NO;
				GCC_WARN_UNUSED_VARIABLE = YES;
				INFOPLIST_OUTPUT_FORMAT = "same-as-input";
				IPHONEOS_DEPLOYMENT_TARGET = 14.3;
				MTL_ENABLE_DEBUG_INFO = NO;
				MTL_FAST_MATH = YES;
				OTHER_CFLAGS = "-DNS_BLOCK_ASSERTIONS=1";
				PLIST_FILE_OUTPUT_FORMAT = "same-as-input";
				SDKROOT = iphoneos;
				STRINGS_FILE_OUTPUT_ENCODING = "UTF-16";
				STRIP_PNG_TEXT = NO;
				USER_HEADER_SEARCH_PATHS = (
					"/Applications/CocosCreator/Creator3D/1.2.0/CocosCreator3D.app/Contents/Resources/resources/3d/cocos2d-x-lite",
					"/Applications/CocosCreator/Creator3D/1.2.0/CocosCreator3D.app/Contents/Resources/resources/3d/cocos2d-x-lite/cocos",
					"/Applications/CocosCreator/Creator3D/1.2.0/CocosCreator3D.app/Contents/Resources/resources/3d/cocos2d-x-lite/cocos/base",
					"/Applications/CocosCreator/Creator3D/1.2.0/CocosCreator3D.app/Contents/Resources/resources/3d/cocos2d-x-lite/cocos/physics",
					"/Applications/CocosCreator/Creator3D/1.2.0/CocosCreator3D.app/Contents/Resources/resources/3d/cocos2d-x-lite/cocos/math/kazmath",
					"/Applications/CocosCreator/Creator3D/1.2.0/CocosCreator3D.app/Contents/Resources/resources/3d/cocos2d-x-lite/cocos/2d",
					"/Applications/CocosCreator/Creator3D/1.2.0/CocosCreator3D.app/Contents/Resources/resources/3d/cocos2d-x-lite/cocos/gui",
					"/Applications/CocosCreator/Creator3D/1.2.0/CocosCreator3D.app/Contents/Resources/resources/3d/cocos2d-x-lite/cocos/network",
					"/Applications/CocosCreator/Creator3D/1.2.0/CocosCreator3D.app/Contents/Resources/resources/3d/cocos2d-x-lite/cocos/audio/include",
					"/Applications/CocosCreator/Creator3D/1.2.0/CocosCreator3D.app/Contents/Resources/resources/3d/cocos2d-x-lite/cocos/editor-support",
					"/Applications/CocosCreator/Creator3D/1.2.0/CocosCreator3D.app/Contents/Resources/resources/3d/cocos2d-x-lite/extensions",
					"/Applications/CocosCreator/Creator3D/1.2.0/CocosCreator3D.app/Contents/Resources/resources/3d/cocos2d-x-lite/external",
					"/Applications/CocosCreator/Creator3D/1.2.0/CocosCreator3D.app/Contents/Resources/resources/3d/cocos2d-x-lite/external/sources",
					"/Applications/CocosCreator/Creator3D/1.2.0/CocosCreator3D.app/Contents/Resources/resources/3d/cocos2d-x-lite/external/chipmunk/include/chipmunk",
					"/Applications/CocosCreator/Creator3D/1.2.0/CocosCreator3D.app/Contents/Resources/resources/3d/cocos2d-x-lite/external/mac/include/v8",
					"/Applications/CocosCreator/Creator3D/1.2.0/CocosCreator3D.app/Contents/Resources/resources/3d/cocos2d-x-lite/cocos/scripting/js-bindings/auto",
					"/Applications/CocosCreator/Creator3D/1.2.0/CocosCreator3D.app/Contents/Resources/resources/3d/cocos2d-x-lite/cocos/scripting/js-bindings/manual",
					"/Applications/CocosCreator/Creator3D/1.2.0/CocosCreator3D.app/Contents/Resources/resources/3d/cocos2d-x-lite/cocos/renderer",
				);
				VALIDATE_PRODUCT = YES;
			};
			name = Release;
		};
		99FD200D25B5C91400D92258 /* Debug */ = {
			isa = XCBuildConfiguration;
			baseConfigurationReference = 99FD207325B5CA9300D92258 /* UserConfigIOS.debug.xcconfig */;
			buildSettings = {
				ASSETCATALOG_COMPILER_APPICON_NAME = AppIcon;
				ASSETCATALOG_COMPILER_GLOBAL_ACCENT_COLOR_NAME = AccentColor;
				CODE_SIGN_STYLE = Automatic;
				DEVELOPMENT_TEAM = 898MCXVRFC;
				ENABLE_BITCODE = NO;
				ENABLE_ON_DEMAND_RESOURCES = NO;
				INFOPLIST_FILE = ios/Info.plist;
				LD_RUNPATH_SEARCH_PATHS = (
					"$(inherited)",
					"@executable_path/Frameworks",
				);
				OTHER_LDFLAGS = "-ObjC";
				PRODUCT_BUNDLE_IDENTIFIER = com.toto.cocostest;
				PRODUCT_NAME = "$(TARGET_NAME)";
				TARGETED_DEVICE_FAMILY = "1,2";
			};
			name = Debug;
		};
		99FD200E25B5C91400D92258 /* Release */ = {
			isa = XCBuildConfiguration;
			baseConfigurationReference = 99FD207425B5CA9300D92258 /* UserConfigIOS.release.xcconfig */;
			buildSettings = {
				ASSETCATALOG_COMPILER_APPICON_NAME = AppIcon;
				ASSETCATALOG_COMPILER_GLOBAL_ACCENT_COLOR_NAME = AccentColor;
				CODE_SIGN_STYLE = Automatic;
				DEVELOPMENT_TEAM = 898MCXVRFC;
				ENABLE_BITCODE = NO;
				ENABLE_ON_DEMAND_RESOURCES = NO;
				INFOPLIST_FILE = ios/Info.plist;
				LD_RUNPATH_SEARCH_PATHS = (
					"$(inherited)",
					"@executable_path/Frameworks",
				);
				OTHER_LDFLAGS = "-ObjC";
				PRODUCT_BUNDLE_IDENTIFIER = com.toto.cocostest;
				PRODUCT_NAME = "$(TARGET_NAME)";
				TARGETED_DEVICE_FAMILY = "1,2";
			};
			name = Release;
		};
/* End XCBuildConfiguration section */

/* Begin XCConfigurationList section */
		99FD1FEE25B5C91300D92258 /* Build configuration list for PBXProject "cocostest" */ = {
			isa = XCConfigurationList;
			buildConfigurations = (
				99FD200A25B5C91400D92258 /* Debug */,
				99FD200B25B5C91400D92258 /* Release */,
			);
			defaultConfigurationIsVisible = 0;
			defaultConfigurationName = Release;
		};
		99FD200C25B5C91400D92258 /* Build configuration list for PBXNativeTarget "cocostest" */ = {
			isa = XCConfigurationList;
			buildConfigurations = (
				99FD200D25B5C91400D92258 /* Debug */,
				99FD200E25B5C91400D92258 /* Release */,
			);
			defaultConfigurationIsVisible = 0;
			defaultConfigurationName = Release;
		};
/* End XCConfigurationList section */
	};
	rootObject = 99FD1FEB25B5C91300D92258 /* Project object */;
}
