// !$*UTF8*$!
{
	archiveVersion = 1;
	classes = {
	};
	objectVersion = 50;
	objects = {

/* Begin PBXBuildFile section */
		99FD1FF825B5C91300D92258 /* AppDelegate.m in Sources */ = {isa = PBXBuildFile; fileRef = 99FD1FF725B5C91300D92258 /* AppDelegate.m */; };
		99FD1FFB25B5C91300D92258 /* SceneDelegate.m in Sources */ = {isa = PBXBuildFile; fileRef = 99FD1FFA25B5C91300D92258 /* SceneDelegate.m */; };
		99FD1FFE25B5C91300D92258 /* ViewController.m in Sources */ = {isa = PBXBuildFile; fileRef = 99FD1FFD25B5C91300D92258 /* ViewController.m */; };
		99FD200125B5C91300D92258 /* Main.storyboard in Resources */ = {isa = PBXBuildFile; fileRef = 99FD1FFF25B5C91300D92258 /* Main.storyboard */; };
		99FD200325B5C91400D92258 /* Assets.xcassets in Resources */ = {isa = PBXBuildFile; fileRef = 99FD200225B5C91400D92258 /* Assets.xcassets */; };
		99FD200625B5C91400D92258 /* LaunchScreen.storyboard in Resources */ = {isa = PBXBuildFile; fileRef = 99FD200425B5C91400D92258 /* LaunchScreen.storyboard */; };
		99FD200925B5C91400D92258 /* main.m in Sources */ = {isa = PBXBuildFile; fileRef = 99FD200825B5C91400D92258 /* main.m */; };
/* End PBXBuildFile section */

/* Begin PBXFileReference section */
		99FD1FF325B5C91300D92258 /* cocostest.app */ = {isa = PBXFileReference; explicitFileType = wrapper.application; includeInIndex = 0; path = cocostest.app; sourceTree = BUILT_PRODUCTS_DIR; };
		99FD1FF625B5C91300D92258 /* AppDelegate.h */ = {isa = PBXFileReference; lastKnownFileType = sourcecode.c.h; path = AppDelegate.h; sourceTree = "<group>"; };
		99FD1FF725B5C91300D92258 /* AppDelegate.m */ = {isa = PBXFileReference; lastKnownFileType = sourcecode.c.objc; path = AppDelegate.m; sourceTree = "<group>"; };
		99FD1FF925B5C91300D92258 /* SceneDelegate.h */ = {isa = PBXFileReference; lastKnownFileType = sourcecode.c.h; path = SceneDelegate.h; sourceTree = "<group>"; };
		99FD1FFA25B5C91300D92258 /* SceneDelegate.m */ = {isa = PBXFileReference; lastKnownFileType = sourcecode.c.objc; path = SceneDelegate.m; sourceTree = "<group>"; };
		99FD1FFC25B5C91300D92258 /* ViewController.h */ = {isa = PBXFileReference; lastKnownFileType = sourcecode.c.h; path = ViewController.h; sourceTree = "<group>"; };
		99FD1FFD25B5C91300D92258 /* ViewController.m */ = {isa = PBXFileReference; lastKnownFileType = sourcecode.c.objc; path = ViewController.m; sourceTree = "<group>"; };
		99FD200025B5C91300D92258 /* Base */ = {isa = PBXFileReference; lastKnownFileType = file.storyboard; name = Base; path = Base.lproj/Main.storyboard; sourceTree = "<group>"; };
		99FD200225B5C91400D92258 /* Assets.xcassets */ = {isa = PBXFileReference; lastKnownFileType = folder.assetcatalog; path = Assets.xcassets; sourceTree = "<group>"; };
		99FD200525B5C91400D92258 /* Base */ = {isa = PBXFileReference; lastKnownFileType = file.storyboard; name = Base; path = Base.lproj/LaunchScreen.storyboard; sourceTree = "<group>"; };
		99FD200725B5C91400D92258 /* Info.plist */ = {isa = PBXFileReference; lastKnownFileType = text.plist.xml; path = Info.plist; sourceTree = "<group>"; };
		99FD200825B5C91400D92258 /* main.m */ = {isa = PBXFileReference; lastKnownFileType = sourcecode.c.objc; path = main.m; sourceTree = "<group>"; };
/* End PBXFileReference section */

/* Begin PBXFrameworksBuildPhase section */
		99FD1FF025B5C91300D92258 /* Frameworks */ = {
			isa = PBXFrameworksBuildPhase;
			buildActionMask = 2147483647;
			files = (
			);
			runOnlyForDeploymentPostprocessing = 0;
		};
/* End PBXFrameworksBuildPhase section */

/* Begin PBXGroup section */
		99FD1FEA25B5C91300D92258 = {
			isa = PBXGroup;
			children = (
				99FD1FF525B5C91300D92258 /* cocostest */,
				99FD1FF425B5C91300D92258 /* Products */,
			);
			sourceTree = "<group>";
		};
		99FD1FF425B5C91300D92258 /* Products */ = {
			isa = PBXGroup;
			children = (
				99FD1FF325B5C91300D92258 /* cocostest.app */,
			);
			name = Products;
			sourceTree = "<group>";
		};
		99FD1FF525B5C91300D92258 /* cocostest */ = {
			isa = PBXGroup;
			children = (
				99FD1FF625B5C91300D92258 /* AppDelegate.h */,
				99FD1FF725B5C91300D92258 /* AppDelegate.m */,
				99FD1FF925B5C91300D92258 /* SceneDelegate.h */,
				99FD1FFA25B5C91300D92258 /* SceneDelegate.m */,
				99FD1FFC25B5C91300D92258 /* ViewController.h */,
				99FD1FFD25B5C91300D92258 /* ViewController.m */,
				99FD1FFF25B5C91300D92258 /* Main.storyboard */,
				99FD200225B5C91400D92258 /* Assets.xcassets */,
				99FD200425B5C91400D92258 /* LaunchScreen.storyboard */,
				99FD200725B5C91400D92258 /* Info.plist */,
				99FD200825B5C91400D92258 /* main.m */,
			);
			path = cocostest;
			sourceTree = "<group>";
		};
/* End PBXGroup section */

/* Begin PBXNativeTarget section */
		99FD1FF225B5C91300D92258 /* cocostest */ = {
			isa = PBXNativeTarget;
			buildConfigurationList = 99FD200C25B5C91400D92258 /* Build configuration list for PBXNativeTarget "cocostest" */;
			buildPhases = (
				99FD1FEF25B5C91300D92258 /* Sources */,
				99FD1FF025B5C91300D92258 /* Frameworks */,
				99FD1FF125B5C91300D92258 /* Resources */,
			);
			buildRules = (
			);
			dependencies = (
			);
			name = cocostest;
			productName = cocostest;
			productReference = 99FD1FF325B5C91300D92258 /* cocostest.app */;
			productType = "com.apple.product-type.application";
		};
/* End PBXNativeTarget section */

/* Begin PBXProject section */
		99FD1FEB25B5C91300D92258 /* Project object */ = {
			isa = PBXProject;
			attributes = {
				LastUpgradeCheck = 1230;
				TargetAttributes = {
					99FD1FF225B5C91300D92258 = {
						CreatedOnToolsVersion = 12.3;
					};
				};
			};
			buildConfigurationList = 99FD1FEE25B5C91300D92258 /* Build configuration list for PBXProject "cocostest" */;
			compatibilityVersion = "Xcode 9.3";
			developmentRegion = en;
			hasScannedForEncodings = 0;
			knownRegions = (
				en,
				Base,
			);
			mainGroup = 99FD1FEA25B5C91300D92258;
			productRefGroup = 99FD1FF425B5C91300D92258 /* Products */;
			projectDirPath = "";
			projectRoot = "";
			targets = (
				99FD1FF225B5C91300D92258 /* cocostest */,
			);
		};
/* End PBXProject section */

/* Begin PBXResourcesBuildPhase section */
		99FD1FF125B5C91300D92258 /* Resources */ = {
			isa = PBXResourcesBuildPhase;
			buildActionMask = 2147483647;
			files = (
				99FD200625B5C91400D92258 /* LaunchScreen.storyboard in Resources */,
				99FD200325B5C91400D92258 /* Assets.xcassets in Resources */,
				99FD200125B5C91300D92258 /* Main.storyboard in Resources */,
			);
			runOnlyForDeploymentPostprocessing = 0;
		};
/* End PBXResourcesBuildPhase section */

/* Begin PBXSourcesBuildPhase section */
		99FD1FEF25B5C91300D92258 /* Sources */ = {
			isa = PBXSourcesBuildPhase;
			buildActionMask = 2147483647;
			files = (
				99FD1FFE25B5C91300D92258 /* ViewController.m in Sources */,
				99FD1FF825B5C91300D92258 /* AppDelegate.m in Sources */,
				99FD200925B5C91400D92258 /* main.m in Sources */,
				99FD1FFB25B5C91300D92258 /* SceneDelegate.m in Sources */,
			);
			runOnlyForDeploymentPostprocessing = 0;
		};
/* End PBXSourcesBuildPhase section */

/* Begin PBXVariantGroup section */
		99FD1FFF25B5C91300D92258 /* Main.storyboard */ = {
			isa = PBXVariantGroup;
			children = (
				99FD200025B5C91300D92258 /* Base */,
			);
			name = Main.storyboard;
			sourceTree = "<group>";
		};
		99FD200425B5C91400D92258 /* LaunchScreen.storyboard */ = {
			isa = PBXVariantGroup;
			children = (
				99FD200525B5C91400D92258 /* Base */,
			);
			name = LaunchScreen.storyboard;
			sourceTree = "<group>";
		};
/* End PBXVariantGroup section */

/* Begin XCBuildConfiguration section */
		99FD200A25B5C91400D92258 /* Debug */ = {
			isa = XCBuildConfiguration;
			buildSettings = {
				ALWAYS_SEARCH_USER_PATHS = NO;
				CLANG_ANALYZER_NONNULL = YES;
				CLANG_ANALYZER_NUMBER_OBJECT_CONVERSION = YES_AGGRESSIVE;
				CLANG_CXX_LANGUAGE_STANDARD = "gnu++14";
				CLANG_CXX_LIBRARY = "libc++";
				CLANG_ENABLE_MODULES = YES;
				CLANG_ENABLE_OBJC_ARC = YES;
				CLANG_ENABLE_OBJC_WEAK = YES;
				CLANG_WARN_BLOCK_CAPTURE_AUTORELEASING = YES;
				CLANG_WARN_BOOL_CONVERSION = YES;
				CLANG_WARN_COMMA = YES;
				CLANG_WARN_CONSTANT_CONVERSION = YES;
				CLANG_WARN_DEPRECATED_OBJC_IMPLEMENTATIONS = YES;
				CLANG_WARN_DIRECT_OBJC_ISA_USAGE = YES_ERROR;
				CLANG_WARN_DOCUMENTATION_COMMENTS = YES;
				CLANG_WARN_EMPTY_BODY = YES;
				CLANG_WARN_ENUM_CONVERSION = YES;
				CLANG_WARN_INFINITE_RECURSION = YES;
				CLANG_WARN_INT_CONVERSION = YES;
				CLANG_WARN_NON_LITERAL_NULL_CONVERSION = YES;
				CLANG_WARN_OBJC_IMPLICIT_RETAIN_SELF = YES;
				CLANG_WARN_OBJC_LITERAL_CONVERSION = YES;
				CLANG_WARN_OBJC_ROOT_CLASS = YES_ERROR;
				CLANG_WARN_QUOTED_INCLUDE_IN_FRAMEWORK_HEADER = YES;
				CLANG_WARN_RANGE_LOOP_ANALYSIS = YES;
				CLANG_WARN_STRICT_PROTOTYPES = YES;
				CLANG_WARN_SUSPICIOUS_MOVE = YES;
				CLANG_WARN_UNGUARDED_AVAILABILITY = YES_AGGRESSIVE;
				CLANG_WARN_UNREACHABLE_CODE = YES;
				CLANG_WARN__DUPLICATE_METHOD_MATCH = YES;
				COPY_PHASE_STRIP = NO;
				DEBUG_INFORMATION_FORMAT = dwarf;
				ENABLE_STRICT_OBJC_MSGSEND = YES;
				ENABLE_TESTABILITY = YES;
				GCC_C_LANGUAGE_STANDARD = gnu11;
				GCC_DYNAMIC_NO_PIC = NO;
				GCC_NO_COMMON_BLOCKS = YES;
				GCC_OPTIMIZATION_LEVEL = 0;
				GCC_PREPROCESSOR_DEFINITIONS = (
					"DEBUG=1",
					"$(inherited)",
				);
				GCC_WARN_64_TO_32_BIT_CONVERSION = YES;
				GCC_WARN_ABOUT_RETURN_TYPE = YES_ERROR;
				GCC_WARN_UNDECLARED_SELECTOR = YES;
				GCC_WARN_UNINITIALIZED_AUTOS = YES_AGGRESSIVE;
				GCC_WARN_UNUSED_FUNCTION = YES;
				GCC_WARN_UNUSED_VARIABLE = YES;
				IPHONEOS_DEPLOYMENT_TARGET = 14.3;
				MTL_ENABLE_DEBUG_INFO = INCLUDE_SOURCE;
				MTL_FAST_MATH = YES;
				ONLY_ACTIVE_ARCH = YES;
				SDKROOT = iphoneos;
			};
			name = Debug;
		};
		99FD200B25B5C91400D92258 /* Release */ = {
			isa = XCBuildConfiguration;
			buildSettings = {
				ALWAYS_SEARCH_USER_PATHS = NO;
				CLANG_ANALYZER_NONNULL = YES;
				CLANG_ANALYZER_NUMBER_OBJECT_CONVERSION = YES_AGGRESSIVE;
				CLANG_CXX_LANGUAGE_STANDARD = "gnu++14";
				CLANG_CXX_LIBRARY = "libc++";
				CLANG_ENABLE_MODULES = YES;
				CLANG_ENABLE_OBJC_ARC = YES;
				CLANG_ENABLE_OBJC_WEAK = YES;
				CLANG_WARN_BLOCK_CAPTURE_AUTORELEASING = YES;
				CLANG_WARN_BOOL_CONVERSION = YES;
				CLANG_WARN_COMMA = YES;
				CLANG_WARN_CONSTANT_CONVERSION = YES;
				CLANG_WARN_DEPRECATED_OBJC_IMPLEMENTATIONS = YES;
				CLANG_WARN_DIRECT_OBJC_ISA_USAGE = YES_ERROR;
				CLANG_WARN_DOCUMENTATION_COMMENTS = YES;
				CLANG_WARN_EMPTY_BODY = YES;
				CLANG_WARN_ENUM_CONVERSION = YES;
				CLANG_WARN_INFINITE_RECURSION = YES;
				CLANG_WARN_INT_CONVERSION = YES;
				CLANG_WARN_NON_LITERAL_NULL_CONVERSION = YES;
				CLANG_WARN_OBJC_IMPLICIT_RETAIN_SELF = YES;
				CLANG_WARN_OBJC_LITERAL_CONVERSION = YES;
				CLANG_WARN_OBJC_ROOT_CLASS = YES_ERROR;
				CLANG_WARN_QUOTED_INCLUDE_IN_FRAMEWORK_HEADER = YES;
				CLANG_WARN_RANGE_LOOP_ANALYSIS = YES;
				CLANG_WARN_STRICT_PROTOTYPES = YES;
				CLANG_WARN_SUSPICIOUS_MOVE = YES;
				CLANG_WARN_UNGUARDED_AVAILABILITY = YES_AGGRESSIVE;
				CLANG_WARN_UNREACHABLE_CODE = YES;
				CLANG_WARN__DUPLICATE_METHOD_MATCH = YES;
				COPY_PHASE_STRIP = NO;
				DEBUG_INFORMATION_FORMAT = "dwarf-with-dsym";
				ENABLE_NS_ASSERTIONS = NO;
				ENABLE_STRICT_OBJC_MSGSEND = YES;
				GCC_C_LANGUAGE_STANDARD = gnu11;
				GCC_NO_COMMON_BLOCKS = YES;
				GCC_WARN_64_TO_32_BIT_CONVERSION = YES;
				GCC_WARN_ABOUT_RETURN_TYPE = YES_ERROR;
				GCC_WARN_UNDECLARED_SELECTOR = YES;
				GCC_WARN_UNINITIALIZED_AUTOS = YES_AGGRESSIVE;
				GCC_WARN_UNUSED_FUNCTION = YES;
				GCC_WARN_UNUSED_VARIABLE = YES;
				IPHONEOS_DEPLOYMENT_TARGET = 14.3;
				MTL_ENABLE_DEBUG_INFO = NO;
				MTL_FAST_MATH = YES;
				SDKROOT = iphoneos;
				VALIDATE_PRODUCT = YES;
			};
			name = Release;
		};
		99FD200D25B5C91400D92258 /* Debug */ = {
			isa = XCBuildConfiguration;
			buildSettings = {
				ASSETCATALOG_COMPILER_APPICON_NAME = AppIcon;
				ASSETCATALOG_COMPILER_GLOBAL_ACCENT_COLOR_NAME = AccentColor;
				CODE_SIGN_STYLE = Automatic;
				DEVELOPMENT_TEAM = 898MCXVRFC;
				INFOPLIST_FILE = cocostest/Info.plist;
				LD_RUNPATH_SEARCH_PATHS = (
					"$(inherited)",
					"@executable_path/Frameworks",
				);
				PRODUCT_BUNDLE_IDENTIFIER = com.toto.cocostest;
				PRODUCT_NAME = "$(TARGET_NAME)";
				TARGETED_DEVICE_FAMILY = "1,2";
			};
			name = Debug;
		};
		99FD200E25B5C91400D92258 /* Release */ = {
			isa = XCBuildConfiguration;
			buildSettings = {
				ASSETCATALOG_COMPILER_APPICON_NAME = AppIcon;
				ASSETCATALOG_COMPILER_GLOBAL_ACCENT_COLOR_NAME = AccentColor;
				CODE_SIGN_STYLE = Automatic;
				DEVELOPMENT_TEAM = 898MCXVRFC;
				INFOPLIST_FILE = cocostest/Info.plist;
				LD_RUNPATH_SEARCH_PATHS = (
					"$(inherited)",
					"@executable_path/Frameworks",
				);
				PRODUCT_BUNDLE_IDENTIFIER = com.toto.cocostest;
				PRODUCT_NAME = "$(TARGET_NAME)";
				TARGETED_DEVICE_FAMILY = "1,2";
			};
			name = Release;
		};
/* End XCBuildConfiguration section */

/* Begin XCConfigurationList section */
		99FD1FEE25B5C91300D92258 /* Build configuration list for PBXProject "cocostest" */ = {
			isa = XCConfigurationList;
			buildConfigurations = (
				99FD200A25B5C91400D92258 /* Debug */,
				99FD200B25B5C91400D92258 /* Release */,
			);
			defaultConfigurationIsVisible = 0;
			defaultConfigurationName = Release;
		};
		99FD200C25B5C91400D92258 /* Build configuration list for PBXNativeTarget "cocostest" */ = {
			isa = XCConfigurationList;
			buildConfigurations = (
				99FD200D25B5C91400D92258 /* Debug */,
				99FD200E25B5C91400D92258 /* Release */,
			);
			defaultConfigurationIsVisible = 0;
			defaultConfigurationName = Release;
		};
/* End XCConfigurationList section */
	};
	rootObject = 99FD1FEB25B5C91300D92258 /* Project object */;
}
